
Microsoft Visual Studio Solution File, Format Version 12.00
# Visual Studio Version 17
VisualStudioVersion = 17.5.33516.290
MinimumVisualStudioVersion = 10.0.40219.1
Project("{FAE04EC0-301F-11D3-BF4B-00C04F79EFBC}") = "wf08_dbhandling", "wf08_dbhandling\wf08_dbhandling.csproj", "{4EB7AD1F-6AAF-4EDA-848F-CBCA86094FA1}"
EndProject
Project("{FAE04EC0-301F-11D3-BF4B-00C04F79EFBC}") = "wf07_myexplorer", "wf07_myexplorer\wf07_myexplorer.csproj", "{90B7D508-CA84-461F-B881-36F029C487CA}"
EndProject
Global
	GlobalSection(SolutionConfigurationPlatforms) = preSolution
		Debug|Any CPU = Debug|Any CPU
		Release|Any CPU = Release|Any CPU
	EndGlobalSection
	GlobalSection(ProjectConfigurationPlatforms) = postSolution
		{4EB7AD1F-6AAF-4EDA-848F-CBCA86094FA1}.Debug|Any CPU.ActiveCfg = Debug|Any CPU
		{4EB7AD1F-6AAF-4EDA-848F-CBCA86094FA1}.Debug|Any CPU.Build.0 = Debug|Any CPU
		{4EB7AD1F-6AAF-4EDA-848F-CBCA86094FA1}.Release|Any CPU.ActiveCfg = Release|Any CPU
		{4EB7AD1F-6AAF-4EDA-848F-CBCA86094FA1}.Release|Any CPU.Build.0 = Release|Any CPU
		{90B7D508-CA84-461F-B881-36F029C487CA}.Debug|Any CPU.ActiveCfg = Debug|Any CPU
		{90B7D508-CA84-461F-B881-36F029C487CA}.Debug|Any CPU.Build.0 = Debug|Any CPU
		{90B7D508-CA84-461F-B881-36F029C487CA}.Release|Any CPU.ActiveCfg = Release|Any CPU
		{90B7D508-CA84-461F-B881-36F029C487CA}.Release|Any CPU.Build.0 = Release|Any CPU
	EndGlobalSection
	GlobalSection(SolutionProperties) = preSolution
		HideSolutionNode = FALSE
	EndGlobalSection
	GlobalSection(ExtensibilityGlobals) = postSolution
		SolutionGuid = {06A696A4-2D97-42E1-A6BD-EB8339B09CFC}
	EndGlobalSection
EndGlobal
