
Microsoft Visual Studio Solution File, Format Version 12.00
# Visual Studio Version 17
VisualStudioVersion = 17.5.33516.290
MinimumVisualStudioVersion = 10.0.40219.1
Project("{FAE04EC0-301F-11D3-BF4B-00C04F79EFBC}") = "wf09_dbhandling", "wf09_dbhandling\wf09_dbhandling.csproj", "{63CBA461-8E6E-4570-B544-CECB419ED802}"
EndProject
Project("{FAE04EC0-301F-11D3-BF4B-00C04F79EFBC}") = "wf08_dbhandling", "..\..\Day06\Day06WinApp\wf08_dbhandling\wf08_dbhandling.csproj", "{4EB7AD1F-6AAF-4EDA-848F-CBCA86094FA1}"
EndProject
Project("{FAE04EC0-301F-11D3-BF4B-00C04F79EFBC}") = "wf09_mysqlhandling", "wf_mysqlhandling\wf09_mysqlhandling.csproj", "{0677ECB7-F30E-4201-BA37-E0E48B5E5F0B}"
EndProject
Project("{FAE04EC0-301F-11D3-BF4B-00C04F79EFBC}") = "wf11_mditest", "wf11_mditest\wf11_mditest.csproj", "{5234B6F5-AE48-4030-9C23-6E5BFB23FE5D}"
EndProject
Global
	GlobalSection(SolutionConfigurationPlatforms) = preSolution
		Debug|Any CPU = Debug|Any CPU
		Release|Any CPU = Release|Any CPU
	EndGlobalSection
	GlobalSection(ProjectConfigurationPlatforms) = postSolution
		{63CBA461-8E6E-4570-B544-CECB419ED802}.Debug|Any CPU.ActiveCfg = Debug|Any CPU
		{63CBA461-8E6E-4570-B544-CECB419ED802}.Debug|Any CPU.Build.0 = Debug|Any CPU
		{63CBA461-8E6E-4570-B544-CECB419ED802}.Release|Any CPU.ActiveCfg = Release|Any CPU
		{63CBA461-8E6E-4570-B544-CECB419ED802}.Release|Any CPU.Build.0 = Release|Any CPU
		{4EB7AD1F-6AAF-4EDA-848F-CBCA86094FA1}.Debug|Any CPU.ActiveCfg = Debug|Any CPU
		{4EB7AD1F-6AAF-4EDA-848F-CBCA86094FA1}.Debug|Any CPU.Build.0 = Debug|Any CPU
		{4EB7AD1F-6AAF-4EDA-848F-CBCA86094FA1}.Release|Any CPU.ActiveCfg = Release|Any CPU
		{4EB7AD1F-6AAF-4EDA-848F-CBCA86094FA1}.Release|Any CPU.Build.0 = Release|Any CPU
		{0677ECB7-F30E-4201-BA37-E0E48B5E5F0B}.Debug|Any CPU.ActiveCfg = Debug|Any CPU
		{0677ECB7-F30E-4201-BA37-E0E48B5E5F0B}.Debug|Any CPU.Build.0 = Debug|Any CPU
		{0677ECB7-F30E-4201-BA37-E0E48B5E5F0B}.Release|Any CPU.ActiveCfg = Release|Any CPU
		{0677ECB7-F30E-4201-BA37-E0E48B5E5F0B}.Release|Any CPU.Build.0 = Release|Any CPU
		{5234B6F5-AE48-4030-9C23-6E5BFB23FE5D}.Debug|Any CPU.ActiveCfg = Debug|Any CPU
		{5234B6F5-AE48-4030-9C23-6E5BFB23FE5D}.Debug|Any CPU.Build.0 = Debug|Any CPU
		{5234B6F5-AE48-4030-9C23-6E5BFB23FE5D}.Release|Any CPU.ActiveCfg = Release|Any CPU
		{5234B6F5-AE48-4030-9C23-6E5BFB23FE5D}.Release|Any CPU.Build.0 = Release|Any CPU
	EndGlobalSection
	GlobalSection(SolutionProperties) = preSolution
		HideSolutionNode = FALSE
	EndGlobalSection
	GlobalSection(ExtensibilityGlobals) = postSolution
		SolutionGuid = {9EFCC84F-6531-4B4A-96B2-1831F77ABDD0}
	EndGlobalSection
EndGlobal
